// !$*UTF8*$!
{
	archiveVersion = 1;
	classes = {
	};
	objectVersion = 46;
	objects = {

/* Begin PBXBuildFile section */
		8B5D8BD913DDADEA00F294CE /* gaussian_filter.cl in Sources */ = {isa = PBXBuildFile; fileRef = 8B5D8BD813DDADEA00F294CE /* gaussian_filter.cl */; };
		8BEAEFD813DD9EB0009E081C /* SimpleImageLoad.1 in CopyFiles */ = {isa = PBXBuildFile; fileRef = 8BEAEFD713DD9EB0009E081C /* SimpleImageLoad.1 */; };
		8BEAEFE213DD9F2A009E081C /* openCLUtilities.cpp in Sources */ = {isa = PBXBuildFile; fileRef = 8BEAEFDF13DD9F2A009E081C /* openCLUtilities.cpp */; };
		8BEAEFE313DD9F2A009E081C /* simple.cpp in Sources */ = {isa = PBXBuildFile; fileRef = 8BEAEFE113DD9F2A009E081C /* simple.cpp */; };
		8BEAEFE513DD9F5B009E081C /* OpenCL.framework in Frameworks */ = {isa = PBXBuildFile; fileRef = 8BEAEFE413DD9F5B009E081C /* OpenCL.framework */; };
		8BEAEFE713DD9FB6009E081C /* libfreeimage.dylib in Frameworks */ = {isa = PBXBuildFile; fileRef = 8BEAEFE613DD9FB6009E081C /* libfreeimage.dylib */; };
/* End PBXBuildFile section */

/* Begin PBXCopyFilesBuildPhase section */
		8BEAEFCF13DD9EB0009E081C /* CopyFiles */ = {
			isa = PBXCopyFilesBuildPhase;
			buildActionMask = 2147483647;
			dstPath = /usr/share/man/man1/;
			dstSubfolderSpec = 0;
			files = (
				8BEAEFD813DD9EB0009E081C /* SimpleImageLoad.1 in CopyFiles */,
			);
			runOnlyForDeploymentPostprocessing = 1;
		};
/* End PBXCopyFilesBuildPhase section */

/* Begin PBXFileReference section */
		8B5D8BD813DDADEA00F294CE /* gaussian_filter.cl */ = {isa = PBXFileReference; fileEncoding = 4; lastKnownFileType = sourcecode.opencl; name = gaussian_filter.cl; path = DerivedData/SimpleImageLoad/Build/Products/Debug/gaussian_filter.cl; sourceTree = SOURCE_ROOT; };
		8BEAEFD113DD9EB0009E081C /* SimpleImageLoad */ = {isa = PBXFileReference; explicitFileType = "compiled.mach-o.executable"; includeInIndex = 0; path = SimpleImageLoad; sourceTree = BUILT_PRODUCTS_DIR; };
		8BEAEFD713DD9EB0009E081C /* SimpleImageLoad.1 */ = {isa = PBXFileReference; lastKnownFileType = text.man; path = SimpleImageLoad.1; sourceTree = "<group>"; };
		8BEAEFDE13DD9F2A009E081C /* FreeImage.h */ = {isa = PBXFileReference; fileEncoding = 4; lastKnownFileType = sourcecode.c.h; path = FreeImage.h; sourceTree = "<group>"; };
		8BEAEFDF13DD9F2A009E081C /* openCLUtilities.cpp */ = {isa = PBXFileReference; fileEncoding = 4; lastKnownFileType = sourcecode.cpp.cpp; path = openCLUtilities.cpp; sourceTree = "<group>"; };
		8BEAEFE013DD9F2A009E081C /* openCLUtilities.h */ = {isa = PBXFileReference; fileEncoding = 4; lastKnownFileType = sourcecode.c.h; path = openCLUtilities.h; sourceTree = "<group>"; };
		8BEAEFE113DD9F2A009E081C /* simple.cpp */ = {isa = PBXFileReference; fileEncoding = 4; lastKnownFileType = sourcecode.cpp.cpp; path = simple.cpp; sourceTree = "<group>"; };
		8BEAEFE413DD9F5B009E081C /* OpenCL.framework */ = {isa = PBXFileReference; lastKnownFileType = wrapper.framework; name = OpenCL.framework; path = System/Library/Frameworks/OpenCL.framework; sourceTree = SDKROOT; };
		8BEAEFE613DD9FB6009E081C /* libfreeimage.dylib */ = {isa = PBXFileReference; lastKnownFileType = "compiled.mach-o.dylib"; name = libfreeimage.dylib; path = dylibsAndFrameworks/libfreeimage.dylib; sourceTree = "<group>"; };
/* End PBXFileReference section */

/* Begin PBXFrameworksBuildPhase section */
		8BEAEFCE13DD9EB0009E081C /* Frameworks */ = {
			isa = PBXFrameworksBuildPhase;
			buildActionMask = 2147483647;
			files = (
				8BEAEFE713DD9FB6009E081C /* libfreeimage.dylib in Frameworks */,
				8BEAEFE513DD9F5B009E081C /* OpenCL.framework in Frameworks */,
			);
			runOnlyForDeploymentPostprocessing = 0;
		};
/* End PBXFrameworksBuildPhase section */

/* Begin PBXGroup section */
		8BEAEFC613DD9EAF009E081C = {
			isa = PBXGroup;
			children = (
				8BEAEFE613DD9FB6009E081C /* libfreeimage.dylib */,
				8BEAEFE413DD9F5B009E081C /* OpenCL.framework */,
				8BEAEFD413DD9EB0009E081C /* SimpleImageLoad */,
				8BEAEFD213DD9EB0009E081C /* Products */,
			);
			sourceTree = "<group>";
		};
		8BEAEFD213DD9EB0009E081C /* Products */ = {
			isa = PBXGroup;
			children = (
				8BEAEFD113DD9EB0009E081C /* SimpleImageLoad */,
			);
			name = Products;
			sourceTree = "<group>";
		};
		8BEAEFD413DD9EB0009E081C /* SimpleImageLoad */ = {
			isa = PBXGroup;
			children = (
				8BEAEFDE13DD9F2A009E081C /* FreeImage.h */,
				8BEAEFDF13DD9F2A009E081C /* openCLUtilities.cpp */,
				8BEAEFE013DD9F2A009E081C /* openCLUtilities.h */,
				8BEAEFE113DD9F2A009E081C /* simple.cpp */,
				8BEAEFD713DD9EB0009E081C /* SimpleImageLoad.1 */,
				8B5D8BD813DDADEA00F294CE /* gaussian_filter.cl */,
			);
			path = SimpleImageLoad;
			sourceTree = "<group>";
		};
/* End PBXGroup section */

/* Begin PBXNativeTarget section */
		8BEAEFD013DD9EB0009E081C /* SimpleImageLoad */ = {
			isa = PBXNativeTarget;
			buildConfigurationList = 8BEAEFDB13DD9EB0009E081C /* Build configuration list for PBXNativeTarget "SimpleImageLoad" */;
			buildPhases = (
				8BEAEFCD13DD9EB0009E081C /* Sources */,
				8BEAEFCE13DD9EB0009E081C /* Frameworks */,
				8BEAEFCF13DD9EB0009E081C /* CopyFiles */,
			);
			buildRules = (
			);
			dependencies = (
			);
			name = SimpleImageLoad;
			productName = SimpleImageLoad;
			productReference = 8BEAEFD113DD9EB0009E081C /* SimpleImageLoad */;
			productType = "com.apple.product-type.tool";
		};
/* End PBXNativeTarget section */

/* Begin PBXProject section */
		8BEAEFC813DD9EAF009E081C /* Project object */ = {
			isa = PBXProject;
			attributes = {
				ORGANIZATIONNAME = "University Of New England";
			};
			buildConfigurationList = 8BEAEFCB13DD9EAF009E081C /* Build configuration list for PBXProject "SimpleImageLoad" */;
			compatibilityVersion = "Xcode 3.2";
			developmentRegion = English;
			hasScannedForEncodings = 0;
			knownRegions = (
				en,
			);
			mainGroup = 8BEAEFC613DD9EAF009E081C;
			productRefGroup = 8BEAEFD213DD9EB0009E081C /* Products */;
			projectDirPath = "";
			projectRoot = "";
			targets = (
				8BEAEFD013DD9EB0009E081C /* SimpleImageLoad */,
			);
		};
/* End PBXProject section */

/* Begin PBXSourcesBuildPhase section */
		8BEAEFCD13DD9EB0009E081C /* Sources */ = {
			isa = PBXSourcesBuildPhase;
			buildActionMask = 2147483647;
			files = (
				8BEAEFE213DD9F2A009E081C /* openCLUtilities.cpp in Sources */,
				8BEAEFE313DD9F2A009E081C /* simple.cpp in Sources */,
				8B5D8BD913DDADEA00F294CE /* gaussian_filter.cl in Sources */,
			);
			runOnlyForDeploymentPostprocessing = 0;
		};
/* End PBXSourcesBuildPhase section */

/* Begin XCBuildConfiguration section */
		8BEAEFD913DD9EB0009E081C /* Debug */ = {
			isa = XCBuildConfiguration;
			buildSettings = {
				ALWAYS_SEARCH_USER_PATHS = YES;
				ARCHS = "$(ARCHS_STANDARD_64_BIT)";
				COPY_PHASE_STRIP = NO;
				GCC_C_LANGUAGE_STANDARD = gnu99;
				GCC_DYNAMIC_NO_PIC = NO;
				GCC_ENABLE_OBJC_EXCEPTIONS = YES;
				GCC_OPTIMIZATION_LEVEL = 0;
				GCC_PREPROCESSOR_DEFINITIONS = (
					"DEBUG=1",
					"$(inherited)",
				);
				GCC_SYMBOLS_PRIVATE_EXTERN = NO;
				GCC_VERSION = com.apple.compilers.llvm.clang.1_0;
				GCC_WARN_64_TO_32_BIT_CONVERSION = YES;
				GCC_WARN_ABOUT_MISSING_PROTOTYPES = YES;
				GCC_WARN_ABOUT_RETURN_TYPE = YES;
				GCC_WARN_UNUSED_VARIABLE = YES;
				MACOSX_DEPLOYMENT_TARGET = 10.7;
				ONLY_ACTIVE_ARCH = YES;
				SDKROOT = macosx;
			};
			name = Debug;
		};
		8BEAEFDA13DD9EB0009E081C /* Release */ = {
			isa = XCBuildConfiguration;
			buildSettings = {
				ALWAYS_SEARCH_USER_PATHS = YES;
				ARCHS = "$(ARCHS_STANDARD_64_BIT)";
				COPY_PHASE_STRIP = YES;
				DEBUG_INFORMATION_FORMAT = "dwarf-with-dsym";
				GCC_C_LANGUAGE_STANDARD = gnu99;
				GCC_ENABLE_OBJC_EXCEPTIONS = YES;
				GCC_VERSION = com.apple.compilers.llvm.clang.1_0;
				GCC_WARN_64_TO_32_BIT_CONVERSION = YES;
				GCC_WARN_ABOUT_MISSING_PROTOTYPES = YES;
				GCC_WARN_ABOUT_RETURN_TYPE = YES;
				GCC_WARN_UNUSED_VARIABLE = YES;
				MACOSX_DEPLOYMENT_TARGET = 10.7;
				SDKROOT = macosx;
			};
			name = Release;
		};
		8BEAEFDC13DD9EB0009E081C /* Debug */ = {
			isa = XCBuildConfiguration;
			buildSettings = {
				ALWAYS_SEARCH_USER_PATHS = YES;
				LD_RUNPATH_SEARCH_PATHS = "";
				PRODUCT_NAME = "$(TARGET_NAME)";
			};
			name = Debug;
		};
		8BEAEFDD13DD9EB0009E081C /* Release */ = {
			isa = XCBuildConfiguration;
			buildSettings = {
				ALWAYS_SEARCH_USER_PATHS = YES;
				LD_RUNPATH_SEARCH_PATHS = "";
				PRODUCT_NAME = "$(TARGET_NAME)";
			};
			name = Release;
		};
/* End XCBuildConfiguration section */

/* Begin XCConfigurationList section */
		8BEAEFCB13DD9EAF009E081C /* Build configuration list for PBXProject "SimpleImageLoad" */ = {
			isa = XCConfigurationList;
			buildConfigurations = (
				8BEAEFD913DD9EB0009E081C /* Debug */,
				8BEAEFDA13DD9EB0009E081C /* Release */,
			);
			defaultConfigurationIsVisible = 0;
			defaultConfigurationName = Release;
		};
		8BEAEFDB13DD9EB0009E081C /* Build configuration list for PBXNativeTarget "SimpleImageLoad" */ = {
			isa = XCConfigurationList;
			buildConfigurations = (
				8BEAEFDC13DD9EB0009E081C /* Debug */,
				8BEAEFDD13DD9EB0009E081C /* Release */,
			);
			defaultConfigurationIsVisible = 0;
			defaultConfigurationName = Release;
		};
/* End XCConfigurationList section */
	};
	rootObject = 8BEAEFC813DD9EAF009E081C /* Project object */;
}
